// !$*UTF8*$!
{
	archiveVersion = 1;
	classes = {
	};
	objectVersion = 46;
	objects = {

/* Begin PBXBuildFile section */
		CDFCF6EE1E540DB500CABD0F /* main.m in Sources */ = {isa = PBXBuildFile; fileRef = CDFCF6ED1E540DB500CABD0F /* main.m */; };
		CDFCF6F11E540DB500CABD0F /* AppDelegate.m in Sources */ = {isa = PBXBuildFile; fileRef = CDFCF6F01E540DB500CABD0F /* AppDelegate.m */; };
		CDFCF6F41E540DB500CABD0F /* ViewController.m in Sources */ = {isa = PBXBuildFile; fileRef = CDFCF6F31E540DB500CABD0F /* ViewController.m */; };
		CDFCF6F71E540DB500CABD0F /* Main.storyboard in Resources */ = {isa = PBXBuildFile; fileRef = CDFCF6F51E540DB500CABD0F /* Main.storyboard */; };
		CDFCF6F91E540DB500CABD0F /* Assets.xcassets in Resources */ = {isa = PBXBuildFile; fileRef = CDFCF6F81E540DB500CABD0F /* Assets.xcassets */; };
		CDFCF6FC1E540DB500CABD0F /* LaunchScreen.storyboard in Resources */ = {isa = PBXBuildFile; fileRef = CDFCF6FA1E540DB500CABD0F /* LaunchScreen.storyboard */; };
		CDFCF7051E5429FC00CABD0F /* mainTableList.plist in Resources */ = {isa = PBXBuildFile; fileRef = CDFCF7041E5429FC00CABD0F /* mainTableList.plist */; };
		CDFCF7091E542DD600CABD0F /* AVCaptureViewController.m in Sources */ = {isa = PBXBuildFile; fileRef = CDFCF7081E542DD600CABD0F /* AVCaptureViewController.m */; };
		CDFCF70D1E55434100CABD0F /* HTWCaptureVideoPreviewView.m in Sources */ = {isa = PBXBuildFile; fileRef = CDFCF70C1E55434100CABD0F /* HTWCaptureVideoPreviewView.m */; };
		CDFCF7101E56C2A000CABD0F /* HTWSampleBufferDisplayView.m in Sources */ = {isa = PBXBuildFile; fileRef = CDFCF70F1E56C2A000CABD0F /* HTWSampleBufferDisplayView.m */; };
		CDFCF7131E58334600CABD0F /* HTWAVCaptureObject.m in Sources */ = {isa = PBXBuildFile; fileRef = CDFCF7121E58334600CABD0F /* HTWAVCaptureObject.m */; };
/* End PBXBuildFile section */

/* Begin PBXFileReference section */
		CDFCF6E91E540DB500CABD0F /* LiveStreamingExercise.app */ = {isa = PBXFileReference; explicitFileType = wrapper.application; includeInIndex = 0; path = LiveStreamingExercise.app; sourceTree = BUILT_PRODUCTS_DIR; };
		CDFCF6ED1E540DB500CABD0F /* main.m */ = {isa = PBXFileReference; lastKnownFileType = sourcecode.c.objc; path = main.m; sourceTree = "<group>"; };
		CDFCF6EF1E540DB500CABD0F /* AppDelegate.h */ = {isa = PBXFileReference; lastKnownFileType = sourcecode.c.h; path = AppDelegate.h; sourceTree = "<group>"; };
		CDFCF6F01E540DB500CABD0F /* AppDelegate.m */ = {isa = PBXFileReference; lastKnownFileType = sourcecode.c.objc; path = AppDelegate.m; sourceTree = "<group>"; };
		CDFCF6F21E540DB500CABD0F /* ViewController.h */ = {isa = PBXFileReference; lastKnownFileType = sourcecode.c.h; path = ViewController.h; sourceTree = "<group>"; };
		CDFCF6F31E540DB500CABD0F /* ViewController.m */ = {isa = PBXFileReference; lastKnownFileType = sourcecode.c.objc; path = ViewController.m; sourceTree = "<group>"; };
		CDFCF6F61E540DB500CABD0F /* Base */ = {isa = PBXFileReference; lastKnownFileType = file.storyboard; name = Base; path = Base.lproj/Main.storyboard; sourceTree = "<group>"; };
		CDFCF6F81E540DB500CABD0F /* Assets.xcassets */ = {isa = PBXFileReference; lastKnownFileType = folder.assetcatalog; path = Assets.xcassets; sourceTree = "<group>"; };
		CDFCF6FB1E540DB500CABD0F /* Base */ = {isa = PBXFileReference; lastKnownFileType = file.storyboard; name = Base; path = Base.lproj/LaunchScreen.storyboard; sourceTree = "<group>"; };
		CDFCF6FD1E540DB500CABD0F /* Info.plist */ = {isa = PBXFileReference; lastKnownFileType = text.plist.xml; path = Info.plist; sourceTree = "<group>"; };
		CDFCF7041E5429FC00CABD0F /* mainTableList.plist */ = {isa = PBXFileReference; fileEncoding = 4; lastKnownFileType = text.plist.xml; path = mainTableList.plist; sourceTree = "<group>"; };
		CDFCF7071E542DD600CABD0F /* AVCaptureViewController.h */ = {isa = PBXFileReference; fileEncoding = 4; lastKnownFileType = sourcecode.c.h; path = AVCaptureViewController.h; sourceTree = "<group>"; };
		CDFCF7081E542DD600CABD0F /* AVCaptureViewController.m */ = {isa = PBXFileReference; fileEncoding = 4; lastKnownFileType = sourcecode.c.objc; path = AVCaptureViewController.m; sourceTree = "<group>"; };
		CDFCF70B1E55434100CABD0F /* HTWCaptureVideoPreviewView.h */ = {isa = PBXFileReference; fileEncoding = 4; lastKnownFileType = sourcecode.c.h; path = HTWCaptureVideoPreviewView.h; sourceTree = "<group>"; };
		CDFCF70C1E55434100CABD0F /* HTWCaptureVideoPreviewView.m */ = {isa = PBXFileReference; fileEncoding = 4; lastKnownFileType = sourcecode.c.objc; path = HTWCaptureVideoPreviewView.m; sourceTree = "<group>"; };
		CDFCF70E1E56C2A000CABD0F /* HTWSampleBufferDisplayView.h */ = {isa = PBXFileReference; fileEncoding = 4; lastKnownFileType = sourcecode.c.h; path = HTWSampleBufferDisplayView.h; sourceTree = "<group>"; };
		CDFCF70F1E56C2A000CABD0F /* HTWSampleBufferDisplayView.m */ = {isa = PBXFileReference; fileEncoding = 4; lastKnownFileType = sourcecode.c.objc; path = HTWSampleBufferDisplayView.m; sourceTree = "<group>"; };
		CDFCF7111E58334600CABD0F /* HTWAVCaptureObject.h */ = {isa = PBXFileReference; fileEncoding = 4; lastKnownFileType = sourcecode.c.h; path = HTWAVCaptureObject.h; sourceTree = "<group>"; };
		CDFCF7121E58334600CABD0F /* HTWAVCaptureObject.m */ = {isa = PBXFileReference; fileEncoding = 4; lastKnownFileType = sourcecode.c.objc; path = HTWAVCaptureObject.m; sourceTree = "<group>"; };
/* End PBXFileReference section */

/* Begin PBXFrameworksBuildPhase section */
		CDFCF6E61E540DB500CABD0F /* Frameworks */ = {
			isa = PBXFrameworksBuildPhase;
			buildActionMask = 2147483647;
			files = (
			);
			runOnlyForDeploymentPostprocessing = 0;
		};
/* End PBXFrameworksBuildPhase section */

/* Begin PBXGroup section */
		CDFCF6E01E540DB500CABD0F = {
			isa = PBXGroup;
			children = (
				CDFCF6EB1E540DB500CABD0F /* LiveStreamingExercise */,
				CDFCF6EA1E540DB500CABD0F /* Products */,
			);
			sourceTree = "<group>";
		};
		CDFCF6EA1E540DB500CABD0F /* Products */ = {
			isa = PBXGroup;
			children = (
				CDFCF6E91E540DB500CABD0F /* LiveStreamingExercise.app */,
			);
			name = Products;
			sourceTree = "<group>";
		};
		CDFCF6EB1E540DB500CABD0F /* LiveStreamingExercise */ = {
			isa = PBXGroup;
			children = (
				CDFCF70A1E5542EF00CABD0F /* View */,
				CDFCF7061E542D7100CABD0F /* 原生取得影音 */,
				CDFCF6F21E540DB500CABD0F /* ViewController.h */,
				CDFCF6F31E540DB500CABD0F /* ViewController.m */,
				CDFCF6F51E540DB500CABD0F /* Main.storyboard */,
				CDFCF6EC1E540DB500CABD0F /* Supporting Files */,
				CDFCF7041E5429FC00CABD0F /* mainTableList.plist */,
			);
			path = LiveStreamingExercise;
			sourceTree = "<group>";
		};
		CDFCF6EC1E540DB500CABD0F /* Supporting Files */ = {
			isa = PBXGroup;
			children = (
				CDFCF6EF1E540DB500CABD0F /* AppDelegate.h */,
				CDFCF6F01E540DB500CABD0F /* AppDelegate.m */,
				CDFCF6F81E540DB500CABD0F /* Assets.xcassets */,
				CDFCF6FA1E540DB500CABD0F /* LaunchScreen.storyboard */,
				CDFCF6FD1E540DB500CABD0F /* Info.plist */,
				CDFCF6ED1E540DB500CABD0F /* main.m */,
			);
			name = "Supporting Files";
			sourceTree = "<group>";
		};
		CDFCF7061E542D7100CABD0F /* 原生取得影音 */ = {
			isa = PBXGroup;
			children = (
				CDFCF7071E542DD600CABD0F /* AVCaptureViewController.h */,
				CDFCF7081E542DD600CABD0F /* AVCaptureViewController.m */,
				CDFCF7111E58334600CABD0F /* HTWAVCaptureObject.h */,
				CDFCF7121E58334600CABD0F /* HTWAVCaptureObject.m */,
			);
			name = "原生取得影音";
			path = AVCapture;
			sourceTree = "<group>";
		};
		CDFCF70A1E5542EF00CABD0F /* View */ = {
			isa = PBXGroup;
			children = (
				CDFCF70B1E55434100CABD0F /* HTWCaptureVideoPreviewView.h */,
				CDFCF70C1E55434100CABD0F /* HTWCaptureVideoPreviewView.m */,
				CDFCF70E1E56C2A000CABD0F /* HTWSampleBufferDisplayView.h */,
				CDFCF70F1E56C2A000CABD0F /* HTWSampleBufferDisplayView.m */,
			);
			path = View;
			sourceTree = "<group>";
		};
/* End PBXGroup section */

/* Begin PBXNativeTarget section */
		CDFCF6E81E540DB500CABD0F /* LiveStreamingExercise */ = {
			isa = PBXNativeTarget;
			buildConfigurationList = CDFCF7001E540DB500CABD0F /* Build configuration list for PBXNativeTarget "LiveStreamingExercise" */;
			buildPhases = (
				CDFCF6E51E540DB500CABD0F /* Sources */,
				CDFCF6E61E540DB500CABD0F /* Frameworks */,
				CDFCF6E71E540DB500CABD0F /* Resources */,
			);
			buildRules = (
			);
			dependencies = (
			);
			name = LiveStreamingExercise;
			productName = LiveStreamingExercise;
			productReference = CDFCF6E91E540DB500CABD0F /* LiveStreamingExercise.app */;
			productType = "com.apple.product-type.application";
		};
/* End PBXNativeTarget section */

/* Begin PBXProject section */
		CDFCF6E11E540DB500CABD0F /* Project object */ = {
			isa = PBXProject;
			attributes = {
				LastUpgradeCheck = 0820;
				ORGANIZATIONNAME = Rex;
				TargetAttributes = {
					CDFCF6E81E540DB500CABD0F = {
						CreatedOnToolsVersion = 8.2.1;
						DevelopmentTeam = WRQ69G3N44;
						ProvisioningStyle = Automatic;
					};
				};
			};
			buildConfigurationList = CDFCF6E41E540DB500CABD0F /* Build configuration list for PBXProject "LiveStreamingExercise" */;
			compatibilityVersion = "Xcode 3.2";
			developmentRegion = English;
			hasScannedForEncodings = 0;
			knownRegions = (
				en,
				Base,
			);
			mainGroup = CDFCF6E01E540DB500CABD0F;
			productRefGroup = CDFCF6EA1E540DB500CABD0F /* Products */;
			projectDirPath = "";
			projectRoot = "";
			targets = (
				CDFCF6E81E540DB500CABD0F /* LiveStreamingExercise */,
			);
		};
/* End PBXProject section */

/* Begin PBXResourcesBuildPhase section */
		CDFCF6E71E540DB500CABD0F /* Resources */ = {
			isa = PBXResourcesBuildPhase;
			buildActionMask = 2147483647;
			files = (
				CDFCF6FC1E540DB500CABD0F /* LaunchScreen.storyboard in Resources */,
				CDFCF6F91E540DB500CABD0F /* Assets.xcassets in Resources */,
				CDFCF7051E5429FC00CABD0F /* mainTableList.plist in Resources */,
				CDFCF6F71E540DB500CABD0F /* Main.storyboard in Resources */,
			);
			runOnlyForDeploymentPostprocessing = 0;
		};
/* End PBXResourcesBuildPhase section */

/* Begin PBXSourcesBuildPhase section */
		CDFCF6E51E540DB500CABD0F /* Sources */ = {
			isa = PBXSourcesBuildPhase;
			buildActionMask = 2147483647;
			files = (
				CDFCF70D1E55434100CABD0F /* HTWCaptureVideoPreviewView.m in Sources */,
				CDFCF6F41E540DB500CABD0F /* ViewController.m in Sources */,
				CDFCF7131E58334600CABD0F /* HTWAVCaptureObject.m in Sources */,
				CDFCF6F11E540DB500CABD0F /* AppDelegate.m in Sources */,
				CDFCF7091E542DD600CABD0F /* AVCaptureViewController.m in Sources */,
				CDFCF6EE1E540DB500CABD0F /* main.m in Sources */,
				CDFCF7101E56C2A000CABD0F /* HTWSampleBufferDisplayView.m in Sources */,
			);
			runOnlyForDeploymentPostprocessing = 0;
		};
/* End PBXSourcesBuildPhase section */

/* Begin PBXVariantGroup section */
		CDFCF6F51E540DB500CABD0F /* Main.storyboard */ = {
			isa = PBXVariantGroup;
			children = (
				CDFCF6F61E540DB500CABD0F /* Base */,
			);
			name = Main.storyboard;
			sourceTree = "<group>";
		};
		CDFCF6FA1E540DB500CABD0F /* LaunchScreen.storyboard */ = {
			isa = PBXVariantGroup;
			children = (
				CDFCF6FB1E540DB500CABD0F /* Base */,
			);
			name = LaunchScreen.storyboard;
			sourceTree = "<group>";
		};
/* End PBXVariantGroup section */

/* Begin XCBuildConfiguration section */
		CDFCF6FE1E540DB500CABD0F /* Debug */ = {
			isa = XCBuildConfiguration;
			buildSettings = {
				ALWAYS_SEARCH_USER_PATHS = NO;
				CLANG_ANALYZER_NONNULL = YES;
				CLANG_CXX_LANGUAGE_STANDARD = "gnu++0x";
				CLANG_CXX_LIBRARY = "libc++";
				CLANG_ENABLE_MODULES = YES;
				CLANG_ENABLE_OBJC_ARC = YES;
				CLANG_WARN_BOOL_CONVERSION = YES;
				CLANG_WARN_CONSTANT_CONVERSION = YES;
				CLANG_WARN_DIRECT_OBJC_ISA_USAGE = YES_ERROR;
				CLANG_WARN_DOCUMENTATION_COMMENTS = YES;
				CLANG_WARN_EMPTY_BODY = YES;
				CLANG_WARN_ENUM_CONVERSION = YES;
				CLANG_WARN_INFINITE_RECURSION = YES;
				CLANG_WARN_INT_CONVERSION = YES;
				CLANG_WARN_OBJC_ROOT_CLASS = YES_ERROR;
				CLANG_WARN_SUSPICIOUS_MOVE = YES;
				CLANG_WARN_UNREACHABLE_CODE = YES;
				CLANG_WARN__DUPLICATE_METHOD_MATCH = YES;
				"CODE_SIGN_IDENTITY[sdk=iphoneos*]" = "iPhone Developer";
				COPY_PHASE_STRIP = NO;
				DEBUG_INFORMATION_FORMAT = dwarf;
				ENABLE_STRICT_OBJC_MSGSEND = YES;
				ENABLE_TESTABILITY = YES;
				GCC_C_LANGUAGE_STANDARD = gnu99;
				GCC_DYNAMIC_NO_PIC = NO;
				GCC_NO_COMMON_BLOCKS = YES;
				GCC_OPTIMIZATION_LEVEL = 0;
				GCC_PREPROCESSOR_DEFINITIONS = (
					"DEBUG=1",
					"$(inherited)",
				);
				GCC_WARN_64_TO_32_BIT_CONVERSION = YES;
				GCC_WARN_ABOUT_RETURN_TYPE = YES_ERROR;
				GCC_WARN_UNDECLARED_SELECTOR = YES;
				GCC_WARN_UNINITIALIZED_AUTOS = YES_AGGRESSIVE;
				GCC_WARN_UNUSED_FUNCTION = YES;
				GCC_WARN_UNUSED_VARIABLE = YES;
				IPHONEOS_DEPLOYMENT_TARGET = 10.2;
				MTL_ENABLE_DEBUG_INFO = YES;
				ONLY_ACTIVE_ARCH = YES;
				SDKROOT = iphoneos;
				TARGETED_DEVICE_FAMILY = "1,2";
			};
			name = Debug;
		};
		CDFCF6FF1E540DB500CABD0F /* Release */ = {
			isa = XCBuildConfiguration;
			buildSettings = {
				ALWAYS_SEARCH_USER_PATHS = NO;
				CLANG_ANALYZER_NONNULL = YES;
				CLANG_CXX_LANGUAGE_STANDARD = "gnu++0x";
				CLANG_CXX_LIBRARY = "libc++";
				CLANG_ENABLE_MODULES = YES;
				CLANG_ENABLE_OBJC_ARC = YES;
				CLANG_WARN_BOOL_CONVERSION = YES;
				CLANG_WARN_CONSTANT_CONVERSION = YES;
				CLANG_WARN_DIRECT_OBJC_ISA_USAGE = YES_ERROR;
				CLANG_WARN_DOCUMENTATION_COMMENTS = YES;
				CLANG_WARN_EMPTY_BODY = YES;
				CLANG_WARN_ENUM_CONVERSION = YES;
				CLANG_WARN_INFINITE_RECURSION = YES;
				CLANG_WARN_INT_CONVERSION = YES;
				CLANG_WARN_OBJC_ROOT_CLASS = YES_ERROR;
				CLANG_WARN_SUSPICIOUS_MOVE = YES;
				CLANG_WARN_UNREACHABLE_CODE = YES;
				CLANG_WARN__DUPLICATE_METHOD_MATCH = YES;
				"CODE_SIGN_IDENTITY[sdk=iphoneos*]" = "iPhone Developer";
				COPY_PHASE_STRIP = NO;
				DEBUG_INFORMATION_FORMAT = "dwarf-with-dsym";
				ENABLE_NS_ASSERTIONS = NO;
				ENABLE_STRICT_OBJC_MSGSEND = YES;
				GCC_C_LANGUAGE_STANDARD = gnu99;
				GCC_NO_COMMON_BLOCKS = YES;
				GCC_WARN_64_TO_32_BIT_CONVERSION = YES;
				GCC_WARN_ABOUT_RETURN_TYPE = YES_ERROR;
				GCC_WARN_UNDECLARED_SELECTOR = YES;
				GCC_WARN_UNINITIALIZED_AUTOS = YES_AGGRESSIVE;
				GCC_WARN_UNUSED_FUNCTION = YES;
				GCC_WARN_UNUSED_VARIABLE = YES;
				IPHONEOS_DEPLOYMENT_TARGET = 10.2;
				MTL_ENABLE_DEBUG_INFO = NO;
				SDKROOT = iphoneos;
				TARGETED_DEVICE_FAMILY = "1,2";
				VALIDATE_PRODUCT = YES;
			};
			name = Release;
		};
		CDFCF7011E540DB500CABD0F /* Debug */ = {
			isa = XCBuildConfiguration;
			buildSettings = {
				ASSETCATALOG_COMPILER_APPICON_NAME = AppIcon;
				DEVELOPMENT_TEAM = WRQ69G3N44;
				INFOPLIST_FILE = LiveStreamingExercise/Info.plist;
				IPHONEOS_DEPLOYMENT_TARGET = 9.0;
				LD_RUNPATH_SEARCH_PATHS = "$(inherited) @executable_path/Frameworks";
				PRODUCT_BUNDLE_IDENTIFIER = com.tianwei.LiveStreamingExercise;
				PRODUCT_NAME = "$(TARGET_NAME)";
			};
			name = Debug;
		};
		CDFCF7021E540DB500CABD0F /* Release */ = {
			isa = XCBuildConfiguration;
			buildSettings = {
				ASSETCATALOG_COMPILER_APPICON_NAME = AppIcon;
				DEVELOPMENT_TEAM = WRQ69G3N44;
				INFOPLIST_FILE = LiveStreamingExercise/Info.plist;
				IPHONEOS_DEPLOYMENT_TARGET = 9.0;
				LD_RUNPATH_SEARCH_PATHS = "$(inherited) @executable_path/Frameworks";
				PRODUCT_BUNDLE_IDENTIFIER = com.tianwei.LiveStreamingExercise;
				PRODUCT_NAME = "$(TARGET_NAME)";
			};
			name = Release;
		};
/* End XCBuildConfiguration section */

/* Begin XCConfigurationList section */
		CDFCF6E41E540DB500CABD0F /* Build configuration list for PBXProject "LiveStreamingExercise" */ = {
			isa = XCConfigurationList;
			buildConfigurations = (
				CDFCF6FE1E540DB500CABD0F /* Debug */,
				CDFCF6FF1E540DB500CABD0F /* Release */,
			);
			defaultConfigurationIsVisible = 0;
			defaultConfigurationName = Release;
		};
		CDFCF7001E540DB500CABD0F /* Build configuration list for PBXNativeTarget "LiveStreamingExercise" */ = {
			isa = XCConfigurationList;
			buildConfigurations = (
				CDFCF7011E540DB500CABD0F /* Debug */,
				CDFCF7021E540DB500CABD0F /* Release */,
			);
			defaultConfigurationIsVisible = 0;
			defaultConfigurationName = Release;
		};
/* End XCConfigurationList section */
	};
	rootObject = CDFCF6E11E540DB500CABD0F /* Project object */;
}
